
Microsoft Visual Studio Solution File, Format Version 12.00
# Visual Studio 14
VisualStudioVersion = 14.0.25123.0
MinimumVisualStudioVersion = 10.0.40219.1
Project("{2150E333-8FDC-42A3-9474-1A3956D46DE8}") = "Solution Items", "Solution Items", "{641415E3-99BE-4299-A8F3-1434D661F417}"
	ProjectSection(SolutionItems) = preProject
		Model merge.txt = Model merge.txt
	EndProjectSection
EndProject
Project("{2150E333-8FDC-42A3-9474-1A3956D46DE8}") = "Test projects", "Test projects", "{E7887251-93D1-4508-B1E7-EF5549E9A433}"
EndProject
Project("{FAE04EC0-301F-11D3-BF4B-00C04F79EFBC}") = "SMART.Core", "src\SMART.Core\SMART.Core.csproj", "{1EA7DECA-587D-4289-998A-0A58988F9E58}"
EndProject
Project("{FAE04EC0-301F-11D3-BF4B-00C04F79EFBC}") = "SMART.Base", "src\SMART.Base\SMART.Base.csproj", "{5D1DDB9B-7EFF-418C-8157-C0C7225AA7BE}"
EndProject
Project("{FAE04EC0-301F-11D3-BF4B-00C04F79EFBC}") = "SMART.IOC", "src\SMART.IOC\SMART.IOC.csproj", "{B1F62904-5760-49E0-8B51-6FADA7E004F9}"
EndProject
Project("{FAE04EC0-301F-11D3-BF4B-00C04F79EFBC}") = "SMART.Console", "src\Smart.Console\SMART.Console.csproj", "{FCDC8E98-4E63-485B-AB2D-CE547CE2E4B5}"
EndProject
Project("{FAE04EC0-301F-11D3-BF4B-00C04F79EFBC}") = "SMART.Demo.TestModel", "SMART.Demo.TestModel\SMART.Demo.TestModel.csproj", "{46624C4F-E472-4AC3-821D-A1463CA8C0C9}"
EndProject
Project("{FAE04EC0-301F-11D3-BF4B-00C04F79EFBC}") = "Smart.Gui", "src\SMART.Gui\Smart.Gui.csproj", "{D50D4D26-D309-4746-889B-5791CEED8082}"
EndProject
Project("{FAE04EC0-301F-11D3-BF4B-00C04F79EFBC}") = "SMART.Core.Services", "src\SMART.Core.Services\SMART.Core.Services.csproj", "{BCE2DAE0-3857-4DFE-9578-9763199273F9}"
EndProject
Project("{FAE04EC0-301F-11D3-BF4B-00C04F79EFBC}") = "SMART.Test", "Tests\SMART.Test.csproj", "{B11B0A91-0455-4CB9-A710-2B0DD25C6D8F}"
EndProject
Global
	GlobalSection(SolutionConfigurationPlatforms) = preSolution
		Debug|Any CPU = Debug|Any CPU
		Debug|x86 = Debug|x86
		Publish|Any CPU = Publish|Any CPU
		Publish|x86 = Publish|x86
		Release|Any CPU = Release|Any CPU
		Release|x86 = Release|x86
	EndGlobalSection
	GlobalSection(ProjectConfigurationPlatforms) = postSolution
		{1EA7DECA-587D-4289-998A-0A58988F9E58}.Debug|Any CPU.ActiveCfg = Debug|Any CPU
		{1EA7DECA-587D-4289-998A-0A58988F9E58}.Debug|Any CPU.Build.0 = Debug|Any CPU
		{1EA7DECA-587D-4289-998A-0A58988F9E58}.Debug|x86.ActiveCfg = Debug|x86
		{1EA7DECA-587D-4289-998A-0A58988F9E58}.Debug|x86.Build.0 = Debug|x86
		{1EA7DECA-587D-4289-998A-0A58988F9E58}.Publish|Any CPU.ActiveCfg = Release|Any CPU
		{1EA7DECA-587D-4289-998A-0A58988F9E58}.Publish|x86.ActiveCfg = Publish|x86
		{1EA7DECA-587D-4289-998A-0A58988F9E58}.Publish|x86.Build.0 = Publish|x86
		{1EA7DECA-587D-4289-998A-0A58988F9E58}.Release|Any CPU.ActiveCfg = Release|Any CPU
		{1EA7DECA-587D-4289-998A-0A58988F9E58}.Release|Any CPU.Build.0 = Release|Any CPU
		{1EA7DECA-587D-4289-998A-0A58988F9E58}.Release|x86.ActiveCfg = Release|x86
		{1EA7DECA-587D-4289-998A-0A58988F9E58}.Release|x86.Build.0 = Release|x86
		{5D1DDB9B-7EFF-418C-8157-C0C7225AA7BE}.Debug|Any CPU.ActiveCfg = Debug|Any CPU
		{5D1DDB9B-7EFF-418C-8157-C0C7225AA7BE}.Debug|Any CPU.Build.0 = Debug|Any CPU
		{5D1DDB9B-7EFF-418C-8157-C0C7225AA7BE}.Debug|x86.ActiveCfg = Debug|x86
		{5D1DDB9B-7EFF-418C-8157-C0C7225AA7BE}.Debug|x86.Build.0 = Debug|x86
		{5D1DDB9B-7EFF-418C-8157-C0C7225AA7BE}.Publish|Any CPU.ActiveCfg = Release|Any CPU
		{5D1DDB9B-7EFF-418C-8157-C0C7225AA7BE}.Publish|x86.ActiveCfg = Publish|x86
		{5D1DDB9B-7EFF-418C-8157-C0C7225AA7BE}.Publish|x86.Build.0 = Publish|x86
		{5D1DDB9B-7EFF-418C-8157-C0C7225AA7BE}.Release|Any CPU.ActiveCfg = Release|Any CPU
		{5D1DDB9B-7EFF-418C-8157-C0C7225AA7BE}.Release|Any CPU.Build.0 = Release|Any CPU
		{5D1DDB9B-7EFF-418C-8157-C0C7225AA7BE}.Release|x86.ActiveCfg = Release|x86
		{5D1DDB9B-7EFF-418C-8157-C0C7225AA7BE}.Release|x86.Build.0 = Release|x86
		{B1F62904-5760-49E0-8B51-6FADA7E004F9}.Debug|Any CPU.ActiveCfg = Debug|Any CPU
		{B1F62904-5760-49E0-8B51-6FADA7E004F9}.Debug|Any CPU.Build.0 = Debug|Any CPU
		{B1F62904-5760-49E0-8B51-6FADA7E004F9}.Debug|x86.ActiveCfg = Debug|x86
		{B1F62904-5760-49E0-8B51-6FADA7E004F9}.Debug|x86.Build.0 = Debug|x86
		{B1F62904-5760-49E0-8B51-6FADA7E004F9}.Publish|Any CPU.ActiveCfg = Release|Any CPU
		{B1F62904-5760-49E0-8B51-6FADA7E004F9}.Publish|x86.ActiveCfg = Publish|x86
		{B1F62904-5760-49E0-8B51-6FADA7E004F9}.Publish|x86.Build.0 = Publish|x86
		{B1F62904-5760-49E0-8B51-6FADA7E004F9}.Release|Any CPU.ActiveCfg = Release|Any CPU
		{B1F62904-5760-49E0-8B51-6FADA7E004F9}.Release|Any CPU.Build.0 = Release|Any CPU
		{B1F62904-5760-49E0-8B51-6FADA7E004F9}.Release|x86.ActiveCfg = Release|x86
		{B1F62904-5760-49E0-8B51-6FADA7E004F9}.Release|x86.Build.0 = Release|x86
		{FCDC8E98-4E63-485B-AB2D-CE547CE2E4B5}.Debug|Any CPU.ActiveCfg = Debug|Any CPU
		{FCDC8E98-4E63-485B-AB2D-CE547CE2E4B5}.Debug|Any CPU.Build.0 = Debug|Any CPU
		{FCDC8E98-4E63-485B-AB2D-CE547CE2E4B5}.Debug|x86.ActiveCfg = Debug|x86
		{FCDC8E98-4E63-485B-AB2D-CE547CE2E4B5}.Debug|x86.Build.0 = Debug|x86
		{FCDC8E98-4E63-485B-AB2D-CE547CE2E4B5}.Publish|Any CPU.ActiveCfg = Release|Any CPU
		{FCDC8E98-4E63-485B-AB2D-CE547CE2E4B5}.Publish|x86.ActiveCfg = Publish|x86
		{FCDC8E98-4E63-485B-AB2D-CE547CE2E4B5}.Publish|x86.Build.0 = Publish|x86
		{FCDC8E98-4E63-485B-AB2D-CE547CE2E4B5}.Release|Any CPU.ActiveCfg = Release|Any CPU
		{FCDC8E98-4E63-485B-AB2D-CE547CE2E4B5}.Release|Any CPU.Build.0 = Release|Any CPU
		{FCDC8E98-4E63-485B-AB2D-CE547CE2E4B5}.Release|x86.ActiveCfg = Release|x86
		{FCDC8E98-4E63-485B-AB2D-CE547CE2E4B5}.Release|x86.Build.0 = Release|x86
		{46624C4F-E472-4AC3-821D-A1463CA8C0C9}.Debug|Any CPU.ActiveCfg = Debug|Any CPU
		{46624C4F-E472-4AC3-821D-A1463CA8C0C9}.Debug|Any CPU.Build.0 = Debug|Any CPU
		{46624C4F-E472-4AC3-821D-A1463CA8C0C9}.Debug|x86.ActiveCfg = Debug|x86
		{46624C4F-E472-4AC3-821D-A1463CA8C0C9}.Debug|x86.Build.0 = Debug|x86
		{46624C4F-E472-4AC3-821D-A1463CA8C0C9}.Publish|Any CPU.ActiveCfg = Release|Any CPU
		{46624C4F-E472-4AC3-821D-A1463CA8C0C9}.Publish|x86.ActiveCfg = Publish|x86
		{46624C4F-E472-4AC3-821D-A1463CA8C0C9}.Publish|x86.Build.0 = Publish|x86
		{46624C4F-E472-4AC3-821D-A1463CA8C0C9}.Release|Any CPU.ActiveCfg = Release|Any CPU
		{46624C4F-E472-4AC3-821D-A1463CA8C0C9}.Release|Any CPU.Build.0 = Release|Any CPU
		{46624C4F-E472-4AC3-821D-A1463CA8C0C9}.Release|x86.ActiveCfg = Release|x86
		{46624C4F-E472-4AC3-821D-A1463CA8C0C9}.Release|x86.Build.0 = Release|x86
		{D50D4D26-D309-4746-889B-5791CEED8082}.Debug|Any CPU.ActiveCfg = Debug|Any CPU
		{D50D4D26-D309-4746-889B-5791CEED8082}.Debug|Any CPU.Build.0 = Debug|Any CPU
		{D50D4D26-D309-4746-889B-5791CEED8082}.Debug|x86.ActiveCfg = Debug|x86
		{D50D4D26-D309-4746-889B-5791CEED8082}.Debug|x86.Build.0 = Debug|x86
		{D50D4D26-D309-4746-889B-5791CEED8082}.Publish|Any CPU.ActiveCfg = Release|Any CPU
		{D50D4D26-D309-4746-889B-5791CEED8082}.Publish|x86.ActiveCfg = Publish|x86
		{D50D4D26-D309-4746-889B-5791CEED8082}.Publish|x86.Build.0 = Publish|x86
		{D50D4D26-D309-4746-889B-5791CEED8082}.Release|Any CPU.ActiveCfg = Release|Any CPU
		{D50D4D26-D309-4746-889B-5791CEED8082}.Release|Any CPU.Build.0 = Release|Any CPU
		{D50D4D26-D309-4746-889B-5791CEED8082}.Release|x86.ActiveCfg = Release|x86
		{D50D4D26-D309-4746-889B-5791CEED8082}.Release|x86.Build.0 = Release|x86
		{BCE2DAE0-3857-4DFE-9578-9763199273F9}.Debug|Any CPU.ActiveCfg = Debug|Any CPU
		{BCE2DAE0-3857-4DFE-9578-9763199273F9}.Debug|Any CPU.Build.0 = Debug|Any CPU
		{BCE2DAE0-3857-4DFE-9578-9763199273F9}.Debug|x86.ActiveCfg = Debug|x86
		{BCE2DAE0-3857-4DFE-9578-9763199273F9}.Debug|x86.Build.0 = Debug|x86
		{BCE2DAE0-3857-4DFE-9578-9763199273F9}.Publish|Any CPU.ActiveCfg = Release|Any CPU
		{BCE2DAE0-3857-4DFE-9578-9763199273F9}.Publish|x86.ActiveCfg = Publish|x86
		{BCE2DAE0-3857-4DFE-9578-9763199273F9}.Publish|x86.Build.0 = Publish|x86
		{BCE2DAE0-3857-4DFE-9578-9763199273F9}.Release|Any CPU.ActiveCfg = Release|Any CPU
		{BCE2DAE0-3857-4DFE-9578-9763199273F9}.Release|Any CPU.Build.0 = Release|Any CPU
		{BCE2DAE0-3857-4DFE-9578-9763199273F9}.Release|x86.ActiveCfg = Release|x86
		{BCE2DAE0-3857-4DFE-9578-9763199273F9}.Release|x86.Build.0 = Release|x86
		{B11B0A91-0455-4CB9-A710-2B0DD25C6D8F}.Debug|Any CPU.ActiveCfg = Debug|Any CPU
		{B11B0A91-0455-4CB9-A710-2B0DD25C6D8F}.Debug|Any CPU.Build.0 = Debug|Any CPU
		{B11B0A91-0455-4CB9-A710-2B0DD25C6D8F}.Debug|x86.ActiveCfg = Debug|x86
		{B11B0A91-0455-4CB9-A710-2B0DD25C6D8F}.Debug|x86.Build.0 = Debug|x86
		{B11B0A91-0455-4CB9-A710-2B0DD25C6D8F}.Publish|Any CPU.ActiveCfg = Publish|Any CPU
		{B11B0A91-0455-4CB9-A710-2B0DD25C6D8F}.Publish|Any CPU.Build.0 = Publish|Any CPU
		{B11B0A91-0455-4CB9-A710-2B0DD25C6D8F}.Publish|x86.ActiveCfg = Publish|x86
		{B11B0A91-0455-4CB9-A710-2B0DD25C6D8F}.Publish|x86.Build.0 = Publish|x86
		{B11B0A91-0455-4CB9-A710-2B0DD25C6D8F}.Release|Any CPU.ActiveCfg = Release|Any CPU
		{B11B0A91-0455-4CB9-A710-2B0DD25C6D8F}.Release|Any CPU.Build.0 = Release|Any CPU
		{B11B0A91-0455-4CB9-A710-2B0DD25C6D8F}.Release|x86.ActiveCfg = Release|x86
	EndGlobalSection
	GlobalSection(SolutionProperties) = preSolution
		HideSolutionNode = FALSE
	EndGlobalSection
	GlobalSection(NestedProjects) = preSolution
		{B11B0A91-0455-4CB9-A710-2B0DD25C6D8F} = {E7887251-93D1-4508-B1E7-EF5549E9A433}
	EndGlobalSection
	GlobalSection(SubversionScc) = preSolution
		Svn-Managed = True
		Manager = AnkhSVN - Subversion Support for Visual Studio
	EndGlobalSection
EndGlobal
